
Microsoft Visual Studio Solution File, Format Version 12.00
# Visual Studio Version 17
VisualStudioVersion = 17.11.35303.130
MinimumVisualStudioVersion = 10.0.40219.1
Project("{2150E333-8FDC-42A3-9474-1A3956D46DE8}") = "Task0", "Task0", "{D98D2F11-F40C-4499-B7E8-63738E772F8E}"
EndProject
Project("{FAE04EC0-301F-11D3-BF4B-00C04F79EFBC}") = "Tyuiu.MilyutinNM.Sprint0.Task0.V0", "Tyuiu.MilyutinNM.Sprint0.Task0.V0\Tyuiu.MilyutinNM.Sprint0.Task0.V0.csproj", "{53061D80-158F-48A6-A650-13B8EF84ACD0}"
EndProject
Project("{2150E333-8FDC-42A3-9474-1A3956D46DE8}") = "Task1", "Task1", "{A18FB197-78F1-42E6-8943-8B431F8825BC}"
EndProject
Project("{FAE04EC0-301F-11D3-BF4B-00C04F79EFBC}") = "Tyuiu.MilyutinNM.Sprint0.Task1.V0", "Tyuiu.MilyutinNM.Sprint0.Task1.V0\Tyuiu.MilyutinNM.Sprint0.Task1.V0.csproj", "{6C449A95-9B59-4A24-8402-70FB22785FD8}"
EndProject
Project("{2150E333-8FDC-42A3-9474-1A3956D46DE8}") = "Task2", "Task2", "{7D363BFB-346B-44EB-8F9E-BEE7C2F0F467}"
EndProject
Project("{FAE04EC0-301F-11D3-BF4B-00C04F79EFBC}") = "Tyuiu.MilyutinNM.Sprint0.Task2.V0", "Tyuiu.MilyutinNM.Sprint0.Task2.V0\Tyuiu.MilyutinNM.Sprint0.Task2.V0.csproj", "{67DEA26D-C069-494F-BEB1-2A76432CD402}"
EndProject
Project("{FAE04EC0-301F-11D3-BF4B-00C04F79EFBC}") = "Tyuiu.MilyutinNM.Sprint0.Task2.V0.Test", "Tyuiu.MilyutinNM.Sprint0.Task2.V0.Test\Tyuiu.MilyutinNM.Sprint0.Task2.V0.Test.csproj", "{8EE2602F-7C57-4A81-A304-5ADAD7B430E9}"
EndProject
Project("{FAE04EC0-301F-11D3-BF4B-00C04F79EFBC}") = "Tyuiu.MilyutinNM.Sprint0.Task2.V0.Lib", "Tyuiu.MilyutinNM.Sprint0.Task2.V0,Lib\Tyuiu.MilyutinNM.Sprint0.Task2.V0.Lib.csproj", "{4FE03330-F94E-416A-B116-FF6FC881DA1E}"
EndProject
Project("{2150E333-8FDC-42A3-9474-1A3956D46DE8}") = "Task3", "Task3", "{888E9851-29D7-48C0-8D40-2E58A02152E0}"
EndProject
Project("{FAE04EC0-301F-11D3-BF4B-00C04F79EFBC}") = "Tyuiu.MilyutinNM.Sprint0.Task3.V0", "Tyuiu.MilyutinNM.Sprint0.Task3.V0\Tyuiu.MilyutinNM.Sprint0.Task3.V0.csproj", "{521A118A-5A55-4194-B1FB-010F2AA5F39B}"
EndProject
Project("{FAE04EC0-301F-11D3-BF4B-00C04F79EFBC}") = "Tyuiu.MilyutinNM.Sprint0.Task3.V0.Lib", "Tyuiu.MilyutinNM.Sprint0.Task3.V0.Lib\Tyuiu.MilyutinNM.Sprint0.Task3.V0.Lib.csproj", "{5318C96C-FE3A-482E-A8B1-BA8DAEB45FFC}"
EndProject
Project("{FAE04EC0-301F-11D3-BF4B-00C04F79EFBC}") = "Tyuiu.MilyutinNM.Sprint0.Task3.V0.Test", "Tyuiu.MilyutinNM.Sprint0.Task3.V0.Test\Tyuiu.MilyutinNM.Sprint0.Task3.V0.Test.csproj", "{29D9C8E1-D605-428A-8A8D-265641D37469}"
EndProject
Global
	GlobalSection(SolutionConfigurationPlatforms) = preSolution
		Debug|Any CPU = Debug|Any CPU
		Release|Any CPU = Release|Any CPU
	EndGlobalSection
	GlobalSection(ProjectConfigurationPlatforms) = postSolution
		{53061D80-158F-48A6-A650-13B8EF84ACD0}.Debug|Any CPU.ActiveCfg = Debug|Any CPU
		{53061D80-158F-48A6-A650-13B8EF84ACD0}.Debug|Any CPU.Build.0 = Debug|Any CPU
		{53061D80-158F-48A6-A650-13B8EF84ACD0}.Release|Any CPU.ActiveCfg = Release|Any CPU
		{53061D80-158F-48A6-A650-13B8EF84ACD0}.Release|Any CPU.Build.0 = Release|Any CPU
		{6C449A95-9B59-4A24-8402-70FB22785FD8}.Debug|Any CPU.ActiveCfg = Debug|Any CPU
		{6C449A95-9B59-4A24-8402-70FB22785FD8}.Debug|Any CPU.Build.0 = Debug|Any CPU
		{6C449A95-9B59-4A24-8402-70FB22785FD8}.Release|Any CPU.ActiveCfg = Release|Any CPU
		{6C449A95-9B59-4A24-8402-70FB22785FD8}.Release|Any CPU.Build.0 = Release|Any CPU
		{67DEA26D-C069-494F-BEB1-2A76432CD402}.Debug|Any CPU.ActiveCfg = Debug|Any CPU
		{67DEA26D-C069-494F-BEB1-2A76432CD402}.Debug|Any CPU.Build.0 = Debug|Any CPU
		{67DEA26D-C069-494F-BEB1-2A76432CD402}.Release|Any CPU.ActiveCfg = Release|Any CPU
		{67DEA26D-C069-494F-BEB1-2A76432CD402}.Release|Any CPU.Build.0 = Release|Any CPU
		{8EE2602F-7C57-4A81-A304-5ADAD7B430E9}.Debug|Any CPU.ActiveCfg = Debug|Any CPU
		{8EE2602F-7C57-4A81-A304-5ADAD7B430E9}.Debug|Any CPU.Build.0 = Debug|Any CPU
		{8EE2602F-7C57-4A81-A304-5ADAD7B430E9}.Release|Any CPU.ActiveCfg = Release|Any CPU
		{8EE2602F-7C57-4A81-A304-5ADAD7B430E9}.Release|Any CPU.Build.0 = Release|Any CPU
		{4FE03330-F94E-416A-B116-FF6FC881DA1E}.Debug|Any CPU.ActiveCfg = Debug|Any CPU
		{4FE03330-F94E-416A-B116-FF6FC881DA1E}.Debug|Any CPU.Build.0 = Debug|Any CPU
		{4FE03330-F94E-416A-B116-FF6FC881DA1E}.Release|Any CPU.ActiveCfg = Release|Any CPU
		{4FE03330-F94E-416A-B116-FF6FC881DA1E}.Release|Any CPU.Build.0 = Release|Any CPU
		{521A118A-5A55-4194-B1FB-010F2AA5F39B}.Debug|Any CPU.ActiveCfg = Debug|Any CPU
		{521A118A-5A55-4194-B1FB-010F2AA5F39B}.Debug|Any CPU.Build.0 = Debug|Any CPU
		{521A118A-5A55-4194-B1FB-010F2AA5F39B}.Release|Any CPU.ActiveCfg = Release|Any CPU
		{521A118A-5A55-4194-B1FB-010F2AA5F39B}.Release|Any CPU.Build.0 = Release|Any CPU
		{5318C96C-FE3A-482E-A8B1-BA8DAEB45FFC}.Debug|Any CPU.ActiveCfg = Debug|Any CPU
		{5318C96C-FE3A-482E-A8B1-BA8DAEB45FFC}.Debug|Any CPU.Build.0 = Debug|Any CPU
		{5318C96C-FE3A-482E-A8B1-BA8DAEB45FFC}.Release|Any CPU.ActiveCfg = Release|Any CPU
		{5318C96C-FE3A-482E-A8B1-BA8DAEB45FFC}.Release|Any CPU.Build.0 = Release|Any CPU
		{29D9C8E1-D605-428A-8A8D-265641D37469}.Debug|Any CPU.ActiveCfg = Debug|Any CPU
		{29D9C8E1-D605-428A-8A8D-265641D37469}.Debug|Any CPU.Build.0 = Debug|Any CPU
		{29D9C8E1-D605-428A-8A8D-265641D37469}.Release|Any CPU.ActiveCfg = Release|Any CPU
		{29D9C8E1-D605-428A-8A8D-265641D37469}.Release|Any CPU.Build.0 = Release|Any CPU
	EndGlobalSection
	GlobalSection(SolutionProperties) = preSolution
		HideSolutionNode = FALSE
	EndGlobalSection
	GlobalSection(NestedProjects) = preSolution
		{53061D80-158F-48A6-A650-13B8EF84ACD0} = {D98D2F11-F40C-4499-B7E8-63738E772F8E}
		{6C449A95-9B59-4A24-8402-70FB22785FD8} = {A18FB197-78F1-42E6-8943-8B431F8825BC}
		{67DEA26D-C069-494F-BEB1-2A76432CD402} = {7D363BFB-346B-44EB-8F9E-BEE7C2F0F467}
		{8EE2602F-7C57-4A81-A304-5ADAD7B430E9} = {7D363BFB-346B-44EB-8F9E-BEE7C2F0F467}
		{4FE03330-F94E-416A-B116-FF6FC881DA1E} = {7D363BFB-346B-44EB-8F9E-BEE7C2F0F467}
		{521A118A-5A55-4194-B1FB-010F2AA5F39B} = {888E9851-29D7-48C0-8D40-2E58A02152E0}
		{5318C96C-FE3A-482E-A8B1-BA8DAEB45FFC} = {888E9851-29D7-48C0-8D40-2E58A02152E0}
		{29D9C8E1-D605-428A-8A8D-265641D37469} = {888E9851-29D7-48C0-8D40-2E58A02152E0}
	EndGlobalSection
	GlobalSection(ExtensibilityGlobals) = postSolution
		SolutionGuid = {9AC47EE0-C03C-4F5C-944A-C74DE9B4AB88}
	EndGlobalSection
EndGlobal
